
Microsoft Visual Studio Solution File, Format Version 12.00
# Visual Studio Version 17
VisualStudioVersion = 17.11.35327.3
MinimumVisualStudioVersion = 10.0.40219.1
Project("{FAE04EC0-301F-11D3-BF4B-00C04F79EFBC}") = "PresentationLayer", "PresentationLayer\PresentationLayer.csproj", "{430753C2-E920-4988-89C5-A47CA9065752}"
EndProject
Project("{FAE04EC0-301F-11D3-BF4B-00C04F79EFBC}") = "BusinessLogicLayer", "BusinessLogicLayer\BusinessLogicLayer.csproj", "{4DDB0207-95A4-45B0-AB9A-63B9104964F0}"
EndProject
Project("{FAE04EC0-301F-11D3-BF4B-00C04F79EFBC}") = "DataAccessLayer", "DataAccessLayer\DataAccessLayer.csproj", "{FC0A0271-2BF8-4EB0-B466-FFDE976BE6C2}"
EndProject
Project("{FAE04EC0-301F-11D3-BF4B-00C04F79EFBC}") = "EntityModel", "EntityModel\EntityModel.csproj", "{6D6E311D-EA9E-472F-8E1E-5569E0A85A8A}"
EndProject
Global
	GlobalSection(SolutionConfigurationPlatforms) = preSolution
		Debug|Any CPU = Debug|Any CPU
		Release|Any CPU = Release|Any CPU
	EndGlobalSection
	GlobalSection(ProjectConfigurationPlatforms) = postSolution
		{430753C2-E920-4988-89C5-A47CA9065752}.Debug|Any CPU.ActiveCfg = Debug|Any CPU
		{430753C2-E920-4988-89C5-A47CA9065752}.Debug|Any CPU.Build.0 = Debug|Any CPU
		{430753C2-E920-4988-89C5-A47CA9065752}.Release|Any CPU.ActiveCfg = Release|Any CPU
		{430753C2-E920-4988-89C5-A47CA9065752}.Release|Any CPU.Build.0 = Release|Any CPU
		{4DDB0207-95A4-45B0-AB9A-63B9104964F0}.Debug|Any CPU.ActiveCfg = Debug|Any CPU
		{4DDB0207-95A4-45B0-AB9A-63B9104964F0}.Debug|Any CPU.Build.0 = Debug|Any CPU
		{4DDB0207-95A4-45B0-AB9A-63B9104964F0}.Release|Any CPU.ActiveCfg = Release|Any CPU
		{4DDB0207-95A4-45B0-AB9A-63B9104964F0}.Release|Any CPU.Build.0 = Release|Any CPU
		{FC0A0271-2BF8-4EB0-B466-FFDE976BE6C2}.Debug|Any CPU.ActiveCfg = Debug|Any CPU
		{FC0A0271-2BF8-4EB0-B466-FFDE976BE6C2}.Debug|Any CPU.Build.0 = Debug|Any CPU
		{FC0A0271-2BF8-4EB0-B466-FFDE976BE6C2}.Release|Any CPU.ActiveCfg = Release|Any CPU
		{FC0A0271-2BF8-4EB0-B466-FFDE976BE6C2}.Release|Any CPU.Build.0 = Release|Any CPU
		{6D6E311D-EA9E-472F-8E1E-5569E0A85A8A}.Debug|Any CPU.ActiveCfg = Debug|Any CPU
		{6D6E311D-EA9E-472F-8E1E-5569E0A85A8A}.Debug|Any CPU.Build.0 = Debug|Any CPU
		{6D6E311D-EA9E-472F-8E1E-5569E0A85A8A}.Release|Any CPU.ActiveCfg = Release|Any CPU
		{6D6E311D-EA9E-472F-8E1E-5569E0A85A8A}.Release|Any CPU.Build.0 = Release|Any CPU
	EndGlobalSection
	GlobalSection(SolutionProperties) = preSolution
		HideSolutionNode = FALSE
	EndGlobalSection
	GlobalSection(ExtensibilityGlobals) = postSolution
		SolutionGuid = {8F750310-9059-40FC-B1E6-F0A624CBDAEC}
	EndGlobalSection
EndGlobal
